
Microsoft Visual Studio Solution File, Format Version 12.00
# Visual Studio Version 17
VisualStudioVersion = 17.10.35122.118
MinimumVisualStudioVersion = 10.0.40219.1
Project("{FAE04EC0-301F-11D3-BF4B-00C04F79EFBC}") = "Practica  01", "Practica  01\Practica  01.csproj", "{5F282CE8-2BB2-4F18-ADFA-A4593DE73D10}"
EndProject
Global
	GlobalSection(SolutionConfigurationPlatforms) = preSolution
		Debug|Any CPU = Debug|Any CPU
		Release|Any CPU = Release|Any CPU
	EndGlobalSection
	GlobalSection(ProjectConfigurationPlatforms) = postSolution
		{5F282CE8-2BB2-4F18-ADFA-A4593DE73D10}.Debug|Any CPU.ActiveCfg = Debug|Any CPU
		{5F282CE8-2BB2-4F18-ADFA-A4593DE73D10}.Debug|Any CPU.Build.0 = Debug|Any CPU
		{5F282CE8-2BB2-4F18-ADFA-A4593DE73D10}.Release|Any CPU.ActiveCfg = Release|Any CPU
		{5F282CE8-2BB2-4F18-ADFA-A4593DE73D10}.Release|Any CPU.Build.0 = Release|Any CPU
	EndGlobalSection
	GlobalSection(SolutionProperties) = preSolution
		HideSolutionNode = FALSE
	EndGlobalSection
	GlobalSection(ExtensibilityGlobals) = postSolution
		SolutionGuid = {811A44BA-5CFF-4D80-9AEC-5DAC447AD7BB}
	EndGlobalSection
EndGlobal
